
Microsoft Visual Studio Solution File, Format Version 12.00
# Visual Studio Version 17
VisualStudioVersion = 17.5.002.0
MinimumVisualStudioVersion = 10.0.40219.1
Project("{9A19103F-16F7-4668-BE54-9A1E7A4F7556}") = "DiceStatsServer", "DiceStatsServer\DiceStatsServer.csproj", "{C100815E-0FB5-4105-9F70-AB08AC40A4F9}"
EndProject
Global
	GlobalSection(SolutionConfigurationPlatforms) = preSolution
		Debug|Any CPU = Debug|Any CPU
		Release|Any CPU = Release|Any CPU
	EndGlobalSection
	GlobalSection(ProjectConfigurationPlatforms) = postSolution
		{C100815E-0FB5-4105-9F70-AB08AC40A4F9}.Debug|Any CPU.ActiveCfg = Debug|Any CPU
		{C100815E-0FB5-4105-9F70-AB08AC40A4F9}.Debug|Any CPU.Build.0 = Debug|Any CPU
		{C100815E-0FB5-4105-9F70-AB08AC40A4F9}.Release|Any CPU.ActiveCfg = Release|Any CPU
		{C100815E-0FB5-4105-9F70-AB08AC40A4F9}.Release|Any CPU.Build.0 = Release|Any CPU
	EndGlobalSection
	GlobalSection(SolutionProperties) = preSolution
		HideSolutionNode = FALSE
	EndGlobalSection
	GlobalSection(ExtensibilityGlobals) = postSolution
		SolutionGuid = {2C1A4DDC-C2C1-4C36-A886-D26B3F00A568}
	EndGlobalSection
EndGlobal
